
Microsoft Visual Studio Solution File, Format Version 12.00
# Visual Studio 15
VisualStudioVersion = 15.0.28307.168
MinimumVisualStudioVersion = 10.0.40219.1
Project("{FAE04EC0-301F-11D3-BF4B-00C04F79EFBC}") = "Assign2", "Assign2\Assign2.csproj", "{567893F6-6D2B-4C44-8181-3B4FD811FBF2}"
EndProject
Global
	GlobalSection(SolutionConfigurationPlatforms) = preSolution
		Debug|Any CPU = Debug|Any CPU
		Release|Any CPU = Release|Any CPU
	EndGlobalSection
	GlobalSection(ProjectConfigurationPlatforms) = postSolution
		{567893F6-6D2B-4C44-8181-3B4FD811FBF2}.Debug|Any CPU.ActiveCfg = Debug|Any CPU
		{567893F6-6D2B-4C44-8181-3B4FD811FBF2}.Debug|Any CPU.Build.0 = Debug|Any CPU
		{567893F6-6D2B-4C44-8181-3B4FD811FBF2}.Release|Any CPU.ActiveCfg = Release|Any CPU
		{567893F6-6D2B-4C44-8181-3B4FD811FBF2}.Release|Any CPU.Build.0 = Release|Any CPU
	EndGlobalSection
	GlobalSection(SolutionProperties) = preSolution
		HideSolutionNode = FALSE
	EndGlobalSection
	GlobalSection(ExtensibilityGlobals) = postSolution
		SolutionGuid = {D25D0936-112E-4FF4-9F25-5C223FD7069B}
	EndGlobalSection
EndGlobal
